
Microsoft Visual Studio Solution File, Format Version 12.00
# Visual Studio Version 17
VisualStudioVersion = 17.0.31903.59
MinimumVisualStudioVersion = 10.0.40219.1
Project("{FAE04EC0-301F-11D3-BF4B-00C04F79EFBC}") = "DevFreela.API", "DevFreela.API\DevFreela.API.csproj", "{EA424E09-036B-4B64-B086-91E61AF289EA}"
EndProject
Project("{FAE04EC0-301F-11D3-BF4B-00C04F79EFBC}") = "DevFreela.UnitTests", "DevFreela.UnitTests\DevFreela.UnitTests.csproj", "{444E5884-1345-4EA3-9DFC-FE8F6ECF80FF}"
EndProject
Global
	GlobalSection(SolutionConfigurationPlatforms) = preSolution
		Debug|Any CPU = Debug|Any CPU
		Release|Any CPU = Release|Any CPU
	EndGlobalSection
	GlobalSection(SolutionProperties) = preSolution
		HideSolutionNode = FALSE
	EndGlobalSection
	GlobalSection(ProjectConfigurationPlatforms) = postSolution
		{EA424E09-036B-4B64-B086-91E61AF289EA}.Debug|Any CPU.ActiveCfg = Debug|Any CPU
		{EA424E09-036B-4B64-B086-91E61AF289EA}.Debug|Any CPU.Build.0 = Debug|Any CPU
		{EA424E09-036B-4B64-B086-91E61AF289EA}.Release|Any CPU.ActiveCfg = Release|Any CPU
		{EA424E09-036B-4B64-B086-91E61AF289EA}.Release|Any CPU.Build.0 = Release|Any CPU
		{444E5884-1345-4EA3-9DFC-FE8F6ECF80FF}.Debug|Any CPU.ActiveCfg = Debug|Any CPU
		{444E5884-1345-4EA3-9DFC-FE8F6ECF80FF}.Debug|Any CPU.Build.0 = Debug|Any CPU
		{444E5884-1345-4EA3-9DFC-FE8F6ECF80FF}.Release|Any CPU.ActiveCfg = Release|Any CPU
		{444E5884-1345-4EA3-9DFC-FE8F6ECF80FF}.Release|Any CPU.Build.0 = Release|Any CPU
	EndGlobalSection
EndGlobal
